// !$*UTF8*$!
{
	archiveVersion = 1;
	classes = {
	};
	objectVersion = 46;
	objects = {

/* Begin PBXBuildFile section */
		FE6275981DE7A2E600AF6AEB /* AppDelegate.swift in Sources */ = {isa = PBXBuildFile; fileRef = FE6275971DE7A2E600AF6AEB /* AppDelegate.swift */; };
		FE62759A1DE7A2E600AF6AEB /* ViewController.swift in Sources */ = {isa = PBXBuildFile; fileRef = FE6275991DE7A2E600AF6AEB /* ViewController.swift */; };
		FE62759D1DE7A2E600AF6AEB /* Main.storyboard in Resources */ = {isa = PBXBuildFile; fileRef = FE62759B1DE7A2E600AF6AEB /* Main.storyboard */; };
		FE62759F1DE7A2E600AF6AEB /* Assets.xcassets in Resources */ = {isa = PBXBuildFile; fileRef = FE62759E1DE7A2E600AF6AEB /* Assets.xcassets */; };
		FE6275A21DE7A2E600AF6AEB /* LaunchScreen.storyboard in Resources */ = {isa = PBXBuildFile; fileRef = FE6275A01DE7A2E600AF6AEB /* LaunchScreen.storyboard */; };
		FE6275AA1DE7A36900AF6AEB /* GoogleService-Info.plist in Resources */ = {isa = PBXBuildFile; fileRef = FE6275A91DE7A36900AF6AEB /* GoogleService-Info.plist */; };
/* End PBXBuildFile section */

/* Begin PBXFileReference section */
		FE6275941DE7A2E600AF6AEB /* PokeMap.app */ = {isa = PBXFileReference; explicitFileType = wrapper.application; includeInIndex = 0; path = PokeMap.app; sourceTree = BUILT_PRODUCTS_DIR; };
		FE6275971DE7A2E600AF6AEB /* AppDelegate.swift */ = {isa = PBXFileReference; lastKnownFileType = sourcecode.swift; path = AppDelegate.swift; sourceTree = "<group>"; };
		FE6275991DE7A2E600AF6AEB /* ViewController.swift */ = {isa = PBXFileReference; lastKnownFileType = sourcecode.swift; path = ViewController.swift; sourceTree = "<group>"; };
		FE62759C1DE7A2E600AF6AEB /* Base */ = {isa = PBXFileReference; lastKnownFileType = file.storyboard; name = Base; path = Base.lproj/Main.storyboard; sourceTree = "<group>"; };
		FE62759E1DE7A2E600AF6AEB /* Assets.xcassets */ = {isa = PBXFileReference; lastKnownFileType = folder.assetcatalog; path = Assets.xcassets; sourceTree = "<group>"; };
		FE6275A11DE7A2E600AF6AEB /* Base */ = {isa = PBXFileReference; lastKnownFileType = file.storyboard; name = Base; path = Base.lproj/LaunchScreen.storyboard; sourceTree = "<group>"; };
		FE6275A31DE7A2E600AF6AEB /* Info.plist */ = {isa = PBXFileReference; lastKnownFileType = text.plist.xml; path = Info.plist; sourceTree = "<group>"; };
		FE6275A91DE7A36900AF6AEB /* GoogleService-Info.plist */ = {isa = PBXFileReference; fileEncoding = 4; lastKnownFileType = text.plist.xml; path = "GoogleService-Info.plist"; sourceTree = "<group>"; };
/* End PBXFileReference section */

/* Begin PBXFrameworksBuildPhase section */
		FE6275911DE7A2E600AF6AEB /* Frameworks */ = {
			isa = PBXFrameworksBuildPhase;
			buildActionMask = 2147483647;
			files = (
			);
			runOnlyForDeploymentPostprocessing = 0;
		};
/* End PBXFrameworksBuildPhase section */

/* Begin PBXGroup section */
		FE62758B1DE7A2E600AF6AEB = {
			isa = PBXGroup;
			children = (
				FE6275961DE7A2E600AF6AEB /* PokeMap */,
				FE6275951DE7A2E600AF6AEB /* Products */,
			);
			sourceTree = "<group>";
		};
		FE6275951DE7A2E600AF6AEB /* Products */ = {
			isa = PBXGroup;
			children = (
				FE6275941DE7A2E600AF6AEB /* PokeMap.app */,
			);
			name = Products;
			sourceTree = "<group>";
		};
		FE6275961DE7A2E600AF6AEB /* PokeMap */ = {
			isa = PBXGroup;
			children = (
				FE6275971DE7A2E600AF6AEB /* AppDelegate.swift */,
				FE6275991DE7A2E600AF6AEB /* ViewController.swift */,
				FE62759B1DE7A2E600AF6AEB /* Main.storyboard */,
				FE62759E1DE7A2E600AF6AEB /* Assets.xcassets */,
				FE6275A01DE7A2E600AF6AEB /* LaunchScreen.storyboard */,
				FE6275A31DE7A2E600AF6AEB /* Info.plist */,
				FE6275A91DE7A36900AF6AEB /* GoogleService-Info.plist */,
			);
			path = PokeMap;
			sourceTree = "<group>";
		};
/* End PBXGroup section */

/* Begin PBXNativeTarget section */
		FE6275931DE7A2E600AF6AEB /* PokeMap */ = {
			isa = PBXNativeTarget;
			buildConfigurationList = FE6275A61DE7A2E600AF6AEB /* Build configuration list for PBXNativeTarget "PokeMap" */;
			buildPhases = (
				FE6275901DE7A2E600AF6AEB /* Sources */,
				FE6275911DE7A2E600AF6AEB /* Frameworks */,
				FE6275921DE7A2E600AF6AEB /* Resources */,
			);
			buildRules = (
			);
			dependencies = (
			);
			name = PokeMap;
			productName = PokeMap;
			productReference = FE6275941DE7A2E600AF6AEB /* PokeMap.app */;
			productType = "com.apple.product-type.application";
		};
/* End PBXNativeTarget section */

/* Begin PBXProject section */
		FE62758C1DE7A2E600AF6AEB /* Project object */ = {
			isa = PBXProject;
			attributes = {
				LastSwiftUpdateCheck = 0810;
				LastUpgradeCheck = 0810;
				ORGANIZATIONNAME = PomHaffs;
				TargetAttributes = {
					FE6275931DE7A2E600AF6AEB = {
						CreatedOnToolsVersion = 8.1;
						DevelopmentTeam = 37N4597A88;
						ProvisioningStyle = Automatic;
					};
				};
			};
			buildConfigurationList = FE62758F1DE7A2E600AF6AEB /* Build configuration list for PBXProject "PokeMap" */;
			compatibilityVersion = "Xcode 3.2";
			developmentRegion = English;
			hasScannedForEncodings = 0;
			knownRegions = (
				en,
				Base,
			);
			mainGroup = FE62758B1DE7A2E600AF6AEB;
			productRefGroup = FE6275951DE7A2E600AF6AEB /* Products */;
			projectDirPath = "";
			projectRoot = "";
			targets = (
				FE6275931DE7A2E600AF6AEB /* PokeMap */,
			);
		};
/* End PBXProject section */

/* Begin PBXResourcesBuildPhase section */
		FE6275921DE7A2E600AF6AEB /* Resources */ = {
			isa = PBXResourcesBuildPhase;
			buildActionMask = 2147483647;
			files = (
				FE6275A21DE7A2E600AF6AEB /* LaunchScreen.storyboard in Resources */,
				FE6275AA1DE7A36900AF6AEB /* GoogleService-Info.plist in Resources */,
				FE62759F1DE7A2E600AF6AEB /* Assets.xcassets in Resources */,
				FE62759D1DE7A2E600AF6AEB /* Main.storyboard in Resources */,
			);
			runOnlyForDeploymentPostprocessing = 0;
		};
/* End PBXResourcesBuildPhase section */

/* Begin PBXSourcesBuildPhase section */
		FE6275901DE7A2E600AF6AEB /* Sources */ = {
			isa = PBXSourcesBuildPhase;
			buildActionMask = 2147483647;
			files = (
				FE62759A1DE7A2E600AF6AEB /* ViewController.swift in Sources */,
				FE6275981DE7A2E600AF6AEB /* AppDelegate.swift in Sources */,
			);
			runOnlyForDeploymentPostprocessing = 0;
		};
/* End PBXSourcesBuildPhase section */

/* Begin PBXVariantGroup section */
		FE62759B1DE7A2E600AF6AEB /* Main.storyboard */ = {
			isa = PBXVariantGroup;
			children = (
				FE62759C1DE7A2E600AF6AEB /* Base */,
			);
			name = Main.storyboard;
			sourceTree = "<group>";
		};
		FE6275A01DE7A2E600AF6AEB /* LaunchScreen.storyboard */ = {
			isa = PBXVariantGroup;
			children = (
				FE6275A11DE7A2E600AF6AEB /* Base */,
			);
			name = LaunchScreen.storyboard;
			sourceTree = "<group>";
		};
/* End PBXVariantGroup section */

/* Begin XCBuildConfiguration section */
		FE6275A41DE7A2E600AF6AEB /* Debug */ = {
			isa = XCBuildConfiguration;
			buildSettings = {
				ALWAYS_SEARCH_USER_PATHS = NO;
				CLANG_ANALYZER_NONNULL = YES;
				CLANG_CXX_LANGUAGE_STANDARD = "gnu++0x";
				CLANG_CXX_LIBRARY = "libc++";
				CLANG_ENABLE_MODULES = YES;
				CLANG_ENABLE_OBJC_ARC = YES;
				CLANG_WARN_BOOL_CONVERSION = YES;
				CLANG_WARN_CONSTANT_CONVERSION = YES;
				CLANG_WARN_DIRECT_OBJC_ISA_USAGE = YES_ERROR;
				CLANG_WARN_DOCUMENTATION_COMMENTS = YES;
				CLANG_WARN_EMPTY_BODY = YES;
				CLANG_WARN_ENUM_CONVERSION = YES;
				CLANG_WARN_INFINITE_RECURSION = YES;
				CLANG_WARN_INT_CONVERSION = YES;
				CLANG_WARN_OBJC_ROOT_CLASS = YES_ERROR;
				CLANG_WARN_SUSPICIOUS_MOVES = YES;
				CLANG_WARN_UNREACHABLE_CODE = YES;
				CLANG_WARN__DUPLICATE_METHOD_MATCH = YES;
				"CODE_SIGN_IDENTITY[sdk=iphoneos*]" = "iPhone Developer";
				COPY_PHASE_STRIP = NO;
				DEBUG_INFORMATION_FORMAT = dwarf;
				ENABLE_STRICT_OBJC_MSGSEND = YES;
				ENABLE_TESTABILITY = YES;
				GCC_C_LANGUAGE_STANDARD = gnu99;
				GCC_DYNAMIC_NO_PIC = NO;
				GCC_NO_COMMON_BLOCKS = YES;
				GCC_OPTIMIZATION_LEVEL = 0;
				GCC_PREPROCESSOR_DEFINITIONS = (
					"DEBUG=1",
					"$(inherited)",
				);
				GCC_WARN_64_TO_32_BIT_CONVERSION = YES;
				GCC_WARN_ABOUT_RETURN_TYPE = YES_ERROR;
				GCC_WARN_UNDECLARED_SELECTOR = YES;
				GCC_WARN_UNINITIALIZED_AUTOS = YES_AGGRESSIVE;
				GCC_WARN_UNUSED_FUNCTION = YES;
				GCC_WARN_UNUSED_VARIABLE = YES;
				IPHONEOS_DEPLOYMENT_TARGET = 10.1;
				MTL_ENABLE_DEBUG_INFO = YES;
				ONLY_ACTIVE_ARCH = YES;
				SDKROOT = iphoneos;
				SWIFT_ACTIVE_COMPILATION_CONDITIONS = DEBUG;
				SWIFT_OPTIMIZATION_LEVEL = "-Onone";
				TARGETED_DEVICE_FAMILY = "1,2";
			};
			name = Debug;
		};
		FE6275A51DE7A2E600AF6AEB /* Release */ = {
			isa = XCBuildConfiguration;
			buildSettings = {
				ALWAYS_SEARCH_USER_PATHS = NO;
				CLANG_ANALYZER_NONNULL = YES;
				CLANG_CXX_LANGUAGE_STANDARD = "gnu++0x";
				CLANG_CXX_LIBRARY = "libc++";
				CLANG_ENABLE_MODULES = YES;
				CLANG_ENABLE_OBJC_ARC = YES;
				CLANG_WARN_BOOL_CONVERSION = YES;
				CLANG_WARN_CONSTANT_CONVERSION = YES;
				CLANG_WARN_DIRECT_OBJC_ISA_USAGE = YES_ERROR;
				CLANG_WARN_DOCUMENTATION_COMMENTS = YES;
				CLANG_WARN_EMPTY_BODY = YES;
				CLANG_WARN_ENUM_CONVERSION = YES;
				CLANG_WARN_INFINITE_RECURSION = YES;
				CLANG_WARN_INT_CONVERSION = YES;
				CLANG_WARN_OBJC_ROOT_CLASS = YES_ERROR;
				CLANG_WARN_SUSPICIOUS_MOVES = YES;
				CLANG_WARN_UNREACHABLE_CODE = YES;
				CLANG_WARN__DUPLICATE_METHOD_MATCH = YES;
				"CODE_SIGN_IDENTITY[sdk=iphoneos*]" = "iPhone Developer";
				COPY_PHASE_STRIP = NO;
				DEBUG_INFORMATION_FORMAT = "dwarf-with-dsym";
				ENABLE_NS_ASSERTIONS = NO;
				ENABLE_STRICT_OBJC_MSGSEND = YES;
				GCC_C_LANGUAGE_STANDARD = gnu99;
				GCC_NO_COMMON_BLOCKS = YES;
				GCC_WARN_64_TO_32_BIT_CONVERSION = YES;
				GCC_WARN_ABOUT_RETURN_TYPE = YES_ERROR;
				GCC_WARN_UNDECLARED_SELECTOR = YES;
				GCC_WARN_UNINITIALIZED_AUTOS = YES_AGGRESSIVE;
				GCC_WARN_UNUSED_FUNCTION = YES;
				GCC_WARN_UNUSED_VARIABLE = YES;
				IPHONEOS_DEPLOYMENT_TARGET = 10.1;
				MTL_ENABLE_DEBUG_INFO = NO;
				SDKROOT = iphoneos;
				SWIFT_OPTIMIZATION_LEVEL = "-Owholemodule";
				TARGETED_DEVICE_FAMILY = "1,2";
				VALIDATE_PRODUCT = YES;
			};
			name = Release;
		};
		FE6275A71DE7A2E600AF6AEB /* Debug */ = {
			isa = XCBuildConfiguration;
			buildSettings = {
				ASSETCATALOG_COMPILER_APPICON_NAME = AppIcon;
				DEVELOPMENT_TEAM = 37N4597A88;
				INFOPLIST_FILE = PokeMap/Info.plist;
				LD_RUNPATH_SEARCH_PATHS = "$(inherited) @executable_path/Frameworks";
				PRODUCT_BUNDLE_IDENTIFIER = PomHaffs.PokeMap;
				PRODUCT_NAME = "$(TARGET_NAME)";
				SWIFT_VERSION = 3.0;
			};
			name = Debug;
		};
		FE6275A81DE7A2E600AF6AEB /* Release */ = {
			isa = XCBuildConfiguration;
			buildSettings = {
				ASSETCATALOG_COMPILER_APPICON_NAME = AppIcon;
				DEVELOPMENT_TEAM = 37N4597A88;
				INFOPLIST_FILE = PokeMap/Info.plist;
				LD_RUNPATH_SEARCH_PATHS = "$(inherited) @executable_path/Frameworks";
				PRODUCT_BUNDLE_IDENTIFIER = PomHaffs.PokeMap;
				PRODUCT_NAME = "$(TARGET_NAME)";
				SWIFT_VERSION = 3.0;
			};
			name = Release;
		};
/* End XCBuildConfiguration section */

/* Begin XCConfigurationList section */
		FE62758F1DE7A2E600AF6AEB /* Build configuration list for PBXProject "PokeMap" */ = {
			isa = XCConfigurationList;
			buildConfigurations = (
				FE6275A41DE7A2E600AF6AEB /* Debug */,
				FE6275A51DE7A2E600AF6AEB /* Release */,
			);
			defaultConfigurationIsVisible = 0;
			defaultConfigurationName = Release;
		};
		FE6275A61DE7A2E600AF6AEB /* Build configuration list for PBXNativeTarget "PokeMap" */ = {
			isa = XCConfigurationList;
			buildConfigurations = (
				FE6275A71DE7A2E600AF6AEB /* Debug */,
				FE6275A81DE7A2E600AF6AEB /* Release */,
			);
			defaultConfigurationIsVisible = 0;
		};
/* End XCConfigurationList section */
	};
	rootObject = FE62758C1DE7A2E600AF6AEB /* Project object */;
}
